
Microsoft Visual Studio Solution File, Format Version 12.00
Project("{FAE04EC0-301F-11D3-BF4B-00C04F79EFBC}") = "Insight.Tinkoff.InvestSdk", "src\Insight.Tinkoff.InvestSdk\Insight.Tinkoff.InvestSdk.csproj", "{4752A864-3977-4E9B-8A47-73F32AB48955}"
EndProject
Project("{FAE04EC0-301F-11D3-BF4B-00C04F79EFBC}") = "Insight.Tinkoff.InvestSdk.Tests", "tests\Insight.Tinkoff.InvestSdk.Tests\Insight.Tinkoff.InvestSdk.Tests.csproj", "{DC0D9D75-3331-4075-B313-E0893149FA60}"
EndProject
Global
	GlobalSection(SolutionConfigurationPlatforms) = preSolution
		Debug|Any CPU = Debug|Any CPU
		Release|Any CPU = Release|Any CPU
	EndGlobalSection
	GlobalSection(ProjectConfigurationPlatforms) = postSolution
		{4752A864-3977-4E9B-8A47-73F32AB48955}.Debug|Any CPU.ActiveCfg = Debug|Any CPU
		{4752A864-3977-4E9B-8A47-73F32AB48955}.Debug|Any CPU.Build.0 = Debug|Any CPU
		{4752A864-3977-4E9B-8A47-73F32AB48955}.Release|Any CPU.ActiveCfg = Release|Any CPU
		{4752A864-3977-4E9B-8A47-73F32AB48955}.Release|Any CPU.Build.0 = Release|Any CPU
		{DC0D9D75-3331-4075-B313-E0893149FA60}.Debug|Any CPU.ActiveCfg = Debug|Any CPU
		{DC0D9D75-3331-4075-B313-E0893149FA60}.Debug|Any CPU.Build.0 = Debug|Any CPU
		{DC0D9D75-3331-4075-B313-E0893149FA60}.Release|Any CPU.ActiveCfg = Release|Any CPU
		{DC0D9D75-3331-4075-B313-E0893149FA60}.Release|Any CPU.Build.0 = Release|Any CPU
	EndGlobalSection
EndGlobal
